
Microsoft Visual Studio Solution File, Format Version 12.00
# Visual Studio Version 16
VisualStudioVersion = 16.0.34931.43
MinimumVisualStudioVersion = 10.0.40219.1
Project("{FAE04EC0-301F-11D3-BF4B-00C04F79EFBC}") = "WebApplication1", "WebApplication1\WebApplication1.csproj", "{B4C2401F-B14C-4879-8AF0-19A56EB9DC56}"
EndProject
Global
	GlobalSection(SolutionConfigurationPlatforms) = preSolution
		Debug|Any CPU = Debug|Any CPU
		Release|Any CPU = Release|Any CPU
	EndGlobalSection
	GlobalSection(ProjectConfigurationPlatforms) = postSolution
		{B4C2401F-B14C-4879-8AF0-19A56EB9DC56}.Debug|Any CPU.ActiveCfg = Debug|Any CPU
		{B4C2401F-B14C-4879-8AF0-19A56EB9DC56}.Debug|Any CPU.Build.0 = Debug|Any CPU
		{B4C2401F-B14C-4879-8AF0-19A56EB9DC56}.Release|Any CPU.ActiveCfg = Release|Any CPU
		{B4C2401F-B14C-4879-8AF0-19A56EB9DC56}.Release|Any CPU.Build.0 = Release|Any CPU
	EndGlobalSection
	GlobalSection(SolutionProperties) = preSolution
		HideSolutionNode = FALSE
	EndGlobalSection
	GlobalSection(ExtensibilityGlobals) = postSolution
		SolutionGuid = {168AD398-3DFF-4C35-8D1C-BBCCE5BF9C66}
	EndGlobalSection
EndGlobal
